PODS:
  - Alamofire (4.0.1)
  - AlamofireNetworkActivityIndicator (2.0.1):
    - Alamofire (~> 4.0)
  - AlamofireObjectMapper (4.0.0):
    - Alamofire (~> 4.0)
    - ObjectMapper (~> 2.0)
  - ObjectMapper (2.2.8)
  - Reachability (3.2)
  - SDCAlertView (7.1.2)
  - SDWebImage (3.8.2):
    - SDWebImage/Core (= 3.8.2)
  - SDWebImage/Core (3.8.2)
  - SVProgressHUD (2.1.2)
  - SwiftyJSON (3.0.0)

DEPENDENCIES:
  - Alamofire (from `https://github.com/Alamofire/Alamofire.git`, tag `4.0.1`)
  - AlamofireNetworkActivityIndicator (~> 2.0)
  - AlamofireObjectMapper (~> 4.0.0)
  - ObjectMapper (~> 2.0)
  - Reachability (~> 3.2)
  - SDCAlertView (~> 7.1.2)
  - SDWebImage (~> 3.8)
  - SVProgressHUD (from `https://github.com/SVProgressHUD/SVProgressHUD.git`)
  - SwiftyJSON (~> 3.0.0)

EXTERNAL SOURCES:
  Alamofire:
    :git: https://github.com/Alamofire/Alamofire.git
    :tag: 4.0.1
  SVProgressHUD:
    :git: https://github.com/SVProgressHUD/SVProgressHUD.git

CHECKOUT OPTIONS:
  Alamofire:
    :git: https://github.com/Alamofire/Alamofire.git
    :tag: 4.0.1
  SVProgressHUD:
    :commit: f0859ab942f3023bcfbb0a306262fcc869158c89
    :git: https://github.com/SVProgressHUD/SVProgressHUD.git

SPEC CHECKSUMS:
  Alamofire: 7682d43245de14874acd142ec137b144aa1dd335
  AlamofireNetworkActivityIndicator: 3e55069ada3e1ff7703665156429eedcdfea0bc1
  AlamofireObjectMapper: 9faa3ce5a240efda1b209009a2d6e1e949227abc
  ObjectMapper: 3d571bb5af471c779e1160828cd9ad5c4ef90958
  Reachability: 33e18b67625424e47b6cde6d202dce689ad7af96
  SDCAlertView: c39fa91a3aeb5eeba58fe9cea648263b131ff2bf
  SDWebImage: 098e97e6176540799c27e804c96653ee0833d13c
  SVProgressHUD: d65371a8e4482380deddb9fe60e14e59ddb30eb3
  SwiftyJSON: f57b2b44bc166617372d1c70773591fe9f0f5fd4

PODFILE CHECKSUM: cdb17a5aebf2aef7b7c12a9c87f46c3d8bfc6262

COCOAPODS: 1.2.1
